// !$*UTF8*$!
{
	archiveVersion = 1;
	classes = {
	};
	objectVersion = 56;
	objects = {

/* Begin PBXBuildFile section */
		FE011E8C28DCE954009BC80A /* SportsNewsApp.swift in Sources */ = {isa = PBXBuildFile; fileRef = FE011E8B28DCE954009BC80A /* SportsNewsApp.swift */; };
		FE011E9028DCE955009BC80A /* Assets.xcassets in Resources */ = {isa = PBXBuildFile; fileRef = FE011E8F28DCE955009BC80A /* Assets.xcassets */; };
		FE011E9328DCE955009BC80A /* Preview Assets.xcassets in Resources */ = {isa = PBXBuildFile; fileRef = FE011E9228DCE955009BC80A /* Preview Assets.xcassets */; };
		FE011E9A28DCE9FA009BC80A /* ResultsListView.swift in Sources */ = {isa = PBXBuildFile; fileRef = FE011E9928DCE9FA009BC80A /* ResultsListView.swift */; };
		FE011E9C28DCEA91009BC80A /* ResultsViewModel.swift in Sources */ = {isa = PBXBuildFile; fileRef = FE011E9B28DCEA91009BC80A /* ResultsViewModel.swift */; };
		FE011EC228DCEB0F009BC80A /* APIError.swift in Sources */ = {isa = PBXBuildFile; fileRef = FE011EA628DCEB0F009BC80A /* APIError.swift */; };
		FE011EC328DCEB0F009BC80A /* HTTPMethod.swift in Sources */ = {isa = PBXBuildFile; fileRef = FE011EA728DCEB0F009BC80A /* HTTPMethod.swift */; };
		FE011EC428DCEB0F009BC80A /* APIEndPoint.swift in Sources */ = {isa = PBXBuildFile; fileRef = FE011EA828DCEB0F009BC80A /* APIEndPoint.swift */; };
		FE011EC528DCEB0F009BC80A /* APIClient.swift in Sources */ = {isa = PBXBuildFile; fileRef = FE011EA928DCEB0F009BC80A /* APIClient.swift */; };
		FE011ECB28DCEB0F009BC80A /* APIPreviewClient.swift in Sources */ = {isa = PBXBuildFile; fileRef = FE011EB028DCEB0F009BC80A /* APIPreviewClient.swift */; };
		FE011ECC28DCEB0F009BC80A /* APIService.swift in Sources */ = {isa = PBXBuildFile; fileRef = FE011EB228DCEB0F009BC80A /* APIService.swift */; };
		FE011ED528DCECAE009BC80A /* StatusCode+Helpers.swift in Sources */ = {isa = PBXBuildFile; fileRef = FE011ED428DCECAE009BC80A /* StatusCode+Helpers.swift */; };
		FE011ED728DCEDF8009BC80A /* Environment.swift in Sources */ = {isa = PBXBuildFile; fileRef = FE011ED628DCEDF8009BC80A /* Environment.swift */; };
		FE011ED928DCEF96009BC80A /* SportsResult.swift in Sources */ = {isa = PBXBuildFile; fileRef = FE011ED828DCEF96009BC80A /* SportsResult.swift */; };
		FE011EDB28DCF085009BC80A /* NoContent.swift in Sources */ = {isa = PBXBuildFile; fileRef = FE011EDA28DCF085009BC80A /* NoContent.swift */; };
		FE011EDE28DCF129009BC80A /* sportsResults.json in Resources */ = {isa = PBXBuildFile; fileRef = FE011EDD28DCF129009BC80A /* sportsResults.json */; };
		FE011EE028DCF290009BC80A /* APIErrorMapper.swift in Sources */ = {isa = PBXBuildFile; fileRef = FE011EDF28DCF290009BC80A /* APIErrorMapper.swift */; };
		FE011F1628E04B09009BC80A /* ResultViewModel.swift in Sources */ = {isa = PBXBuildFile; fileRef = FE011F1528E04B09009BC80A /* ResultViewModel.swift */; };
		FE011F1828E07D51009BC80A /* GameResult.swift in Sources */ = {isa = PBXBuildFile; fileRef = FE011F1728E07D51009BC80A /* GameResult.swift */; };
		FE011F1B28E084E1009BC80A /* GameResultDisplayable.swift in Sources */ = {isa = PBXBuildFile; fileRef = FE011F1A28E084E1009BC80A /* GameResultDisplayable.swift */; };
		FE011F1F28E088F5009BC80A /* ResultRowView.swift in Sources */ = {isa = PBXBuildFile; fileRef = FE011F1E28E088F5009BC80A /* ResultRowView.swift */; };
/* End PBXBuildFile section */

/* Begin PBXFileReference section */
		FE011E8828DCE954009BC80A /* SportsNews.app */ = {isa = PBXFileReference; explicitFileType = wrapper.application; includeInIndex = 0; path = SportsNews.app; sourceTree = BUILT_PRODUCTS_DIR; };
		FE011E8B28DCE954009BC80A /* SportsNewsApp.swift */ = {isa = PBXFileReference; lastKnownFileType = sourcecode.swift; path = SportsNewsApp.swift; sourceTree = "<group>"; };
		FE011E8F28DCE955009BC80A /* Assets.xcassets */ = {isa = PBXFileReference; lastKnownFileType = folder.assetcatalog; path = Assets.xcassets; sourceTree = "<group>"; };
		FE011E9228DCE955009BC80A /* Preview Assets.xcassets */ = {isa = PBXFileReference; lastKnownFileType = folder.assetcatalog; path = "Preview Assets.xcassets"; sourceTree = "<group>"; };
		FE011E9928DCE9FA009BC80A /* ResultsListView.swift */ = {isa = PBXFileReference; lastKnownFileType = sourcecode.swift; path = ResultsListView.swift; sourceTree = "<group>"; };
		FE011E9B28DCEA91009BC80A /* ResultsViewModel.swift */ = {isa = PBXFileReference; lastKnownFileType = sourcecode.swift; path = ResultsViewModel.swift; sourceTree = "<group>"; };
		FE011EA628DCEB0F009BC80A /* APIError.swift */ = {isa = PBXFileReference; fileEncoding = 4; lastKnownFileType = sourcecode.swift; path = APIError.swift; sourceTree = "<group>"; };
		FE011EA728DCEB0F009BC80A /* HTTPMethod.swift */ = {isa = PBXFileReference; fileEncoding = 4; lastKnownFileType = sourcecode.swift; path = HTTPMethod.swift; sourceTree = "<group>"; };
		FE011EA828DCEB0F009BC80A /* APIEndPoint.swift */ = {isa = PBXFileReference; fileEncoding = 4; lastKnownFileType = sourcecode.swift; path = APIEndPoint.swift; sourceTree = "<group>"; };
		FE011EA928DCEB0F009BC80A /* APIClient.swift */ = {isa = PBXFileReference; fileEncoding = 4; lastKnownFileType = sourcecode.swift; path = APIClient.swift; sourceTree = "<group>"; };
		FE011EB028DCEB0F009BC80A /* APIPreviewClient.swift */ = {isa = PBXFileReference; fileEncoding = 4; lastKnownFileType = sourcecode.swift; path = APIPreviewClient.swift; sourceTree = "<group>"; };
		FE011EB228DCEB0F009BC80A /* APIService.swift */ = {isa = PBXFileReference; fileEncoding = 4; lastKnownFileType = sourcecode.swift; path = APIService.swift; sourceTree = "<group>"; };
		FE011ED428DCECAE009BC80A /* StatusCode+Helpers.swift */ = {isa = PBXFileReference; fileEncoding = 4; lastKnownFileType = sourcecode.swift; path = "StatusCode+Helpers.swift"; sourceTree = "<group>"; };
		FE011ED628DCEDF8009BC80A /* Environment.swift */ = {isa = PBXFileReference; fileEncoding = 4; lastKnownFileType = sourcecode.swift; path = Environment.swift; sourceTree = "<group>"; };
		FE011ED828DCEF96009BC80A /* SportsResult.swift */ = {isa = PBXFileReference; lastKnownFileType = sourcecode.swift; path = SportsResult.swift; sourceTree = "<group>"; };
		FE011EDA28DCF085009BC80A /* NoContent.swift */ = {isa = PBXFileReference; fileEncoding = 4; lastKnownFileType = sourcecode.swift; path = NoContent.swift; sourceTree = "<group>"; };
		FE011EDD28DCF129009BC80A /* sportsResults.json */ = {isa = PBXFileReference; lastKnownFileType = text.json; path = sportsResults.json; sourceTree = "<group>"; };
		FE011EDF28DCF290009BC80A /* APIErrorMapper.swift */ = {isa = PBXFileReference; fileEncoding = 4; lastKnownFileType = sourcecode.swift; path = APIErrorMapper.swift; sourceTree = "<group>"; };
		FE011F1528E04B09009BC80A /* ResultViewModel.swift */ = {isa = PBXFileReference; lastKnownFileType = sourcecode.swift; path = ResultViewModel.swift; sourceTree = "<group>"; };
		FE011F1728E07D51009BC80A /* GameResult.swift */ = {isa = PBXFileReference; lastKnownFileType = sourcecode.swift; path = GameResult.swift; sourceTree = "<group>"; };
		FE011F1A28E084E1009BC80A /* GameResultDisplayable.swift */ = {isa = PBXFileReference; lastKnownFileType = sourcecode.swift; path = GameResultDisplayable.swift; sourceTree = "<group>"; };
		FE011F1E28E088F5009BC80A /* ResultRowView.swift */ = {isa = PBXFileReference; lastKnownFileType = sourcecode.swift; path = ResultRowView.swift; sourceTree = "<group>"; };
/* End PBXFileReference section */

/* Begin PBXFrameworksBuildPhase section */
		FE011E8528DCE954009BC80A /* Frameworks */ = {
			isa = PBXFrameworksBuildPhase;
			buildActionMask = 2147483647;
			files = (
			);
			runOnlyForDeploymentPostprocessing = 0;
		};
/* End PBXFrameworksBuildPhase section */

/* Begin PBXGroup section */
		FE011E7F28DCE954009BC80A = {
			isa = PBXGroup;
			children = (
				FE011E8A28DCE954009BC80A /* SportsNews */,
				FE011E8928DCE954009BC80A /* Products */,
			);
			sourceTree = "<group>";
		};
		FE011E8928DCE954009BC80A /* Products */ = {
			isa = PBXGroup;
			children = (
				FE011E8828DCE954009BC80A /* SportsNews.app */,
			);
			name = Products;
			sourceTree = "<group>";
		};
		FE011E8A28DCE954009BC80A /* SportsNews */ = {
			isa = PBXGroup;
			children = (
				FE011F1928E084D2009BC80A /* Protocols */,
				FE011F1028DFCD24009BC80A /* Models */,
				FE011EE128DE6D64009BC80A /* Views */,
				FE011EDC28DCF115009BC80A /* Supporting Files */,
				FE011EA428DCEB0F009BC80A /* Networking */,
				FE011E8B28DCE954009BC80A /* SportsNewsApp.swift */,
				FE011E8F28DCE955009BC80A /* Assets.xcassets */,
				FE011E9128DCE955009BC80A /* Preview Content */,
			);
			path = SportsNews;
			sourceTree = "<group>";
		};
		FE011E9128DCE955009BC80A /* Preview Content */ = {
			isa = PBXGroup;
			children = (
				FE011E9228DCE955009BC80A /* Preview Assets.xcassets */,
			);
			path = "Preview Content";
			sourceTree = "<group>";
		};
		FE011EA428DCEB0F009BC80A /* Networking */ = {
			isa = PBXGroup;
			children = (
				FE011F1128DFCD36009BC80A /* Helpers */,
				FE011ED628DCEDF8009BC80A /* Environment.swift */,
				FE011EA528DCEB0F009BC80A /* Types */,
				FE011EA928DCEB0F009BC80A /* APIClient.swift */,
				FE011EAA28DCEB0F009BC80A /* Models */,
				FE011EB028DCEB0F009BC80A /* APIPreviewClient.swift */,
				FE011EB128DCEB0F009BC80A /* Protocols */,
			);
			path = Networking;
			sourceTree = "<group>";
		};
		FE011EA528DCEB0F009BC80A /* Types */ = {
			isa = PBXGroup;
			children = (
				FE011EA628DCEB0F009BC80A /* APIError.swift */,
				FE011EA728DCEB0F009BC80A /* HTTPMethod.swift */,
				FE011EA828DCEB0F009BC80A /* APIEndPoint.swift */,
			);
			path = Types;
			sourceTree = "<group>";
		};
		FE011EAA28DCEB0F009BC80A /* Models */ = {
			isa = PBXGroup;
			children = (
				FE011EDA28DCF085009BC80A /* NoContent.swift */,
			);
			path = Models;
			sourceTree = "<group>";
		};
		FE011EB128DCEB0F009BC80A /* Protocols */ = {
			isa = PBXGroup;
			children = (
				FE011EB228DCEB0F009BC80A /* APIService.swift */,
			);
			path = Protocols;
			sourceTree = "<group>";
		};
		FE011EDC28DCF115009BC80A /* Supporting Files */ = {
			isa = PBXGroup;
			children = (
				FE011EDD28DCF129009BC80A /* sportsResults.json */,
			);
			path = "Supporting Files";
			sourceTree = "<group>";
		};
		FE011EE128DE6D64009BC80A /* Views */ = {
			isa = PBXGroup;
			children = (
				FE011E9928DCE9FA009BC80A /* ResultsListView.swift */,
				FE011F1E28E088F5009BC80A /* ResultRowView.swift */,
				FE011F2328E0B751009BC80A /* View Models */,
			);
			path = Views;
			sourceTree = "<group>";
		};
		FE011F1028DFCD24009BC80A /* Models */ = {
			isa = PBXGroup;
			children = (
				FE011ED828DCEF96009BC80A /* SportsResult.swift */,
				FE011F1728E07D51009BC80A /* GameResult.swift */,
			);
			path = Models;
			sourceTree = "<group>";
		};
		FE011F1128DFCD36009BC80A /* Helpers */ = {
			isa = PBXGroup;
			children = (
				FE011EDF28DCF290009BC80A /* APIErrorMapper.swift */,
				FE011ED428DCECAE009BC80A /* StatusCode+Helpers.swift */,
			);
			path = Helpers;
			sourceTree = "<group>";
		};
		FE011F1928E084D2009BC80A /* Protocols */ = {
			isa = PBXGroup;
			children = (
				FE011F1A28E084E1009BC80A /* GameResultDisplayable.swift */,
			);
			path = Protocols;
			sourceTree = "<group>";
		};
		FE011F2328E0B751009BC80A /* View Models */ = {
			isa = PBXGroup;
			children = (
				FE011E9B28DCEA91009BC80A /* ResultsViewModel.swift */,
				FE011F1528E04B09009BC80A /* ResultViewModel.swift */,
			);
			path = "View Models";
			sourceTree = "<group>";
		};
/* End PBXGroup section */

/* Begin PBXNativeTarget section */
		FE011E8728DCE954009BC80A /* SportsNews */ = {
			isa = PBXNativeTarget;
			buildConfigurationList = FE011E9628DCE955009BC80A /* Build configuration list for PBXNativeTarget "SportsNews" */;
			buildPhases = (
				FE011E8428DCE954009BC80A /* Sources */,
				FE011E8528DCE954009BC80A /* Frameworks */,
				FE011E8628DCE954009BC80A /* Resources */,
			);
			buildRules = (
			);
			dependencies = (
			);
			name = SportsNews;
			productName = SportsNews;
			productReference = FE011E8828DCE954009BC80A /* SportsNews.app */;
			productType = "com.apple.product-type.application";
		};
/* End PBXNativeTarget section */

/* Begin PBXProject section */
		FE011E8028DCE954009BC80A /* Project object */ = {
			isa = PBXProject;
			attributes = {
				BuildIndependentTargetsInParallel = 1;
				LastSwiftUpdateCheck = 1400;
				LastUpgradeCheck = 1400;
				TargetAttributes = {
					FE011E8728DCE954009BC80A = {
						CreatedOnToolsVersion = 14.0;
					};
				};
			};
			buildConfigurationList = FE011E8328DCE954009BC80A /* Build configuration list for PBXProject "SportsNews" */;
			compatibilityVersion = "Xcode 14.0";
			developmentRegion = en;
			hasScannedForEncodings = 0;
			knownRegions = (
				en,
				Base,
			);
			mainGroup = FE011E7F28DCE954009BC80A;
			productRefGroup = FE011E8928DCE954009BC80A /* Products */;
			projectDirPath = "";
			projectRoot = "";
			targets = (
				FE011E8728DCE954009BC80A /* SportsNews */,
			);
		};
/* End PBXProject section */

/* Begin PBXResourcesBuildPhase section */
		FE011E8628DCE954009BC80A /* Resources */ = {
			isa = PBXResourcesBuildPhase;
			buildActionMask = 2147483647;
			files = (
				FE011E9328DCE955009BC80A /* Preview Assets.xcassets in Resources */,
				FE011EDE28DCF129009BC80A /* sportsResults.json in Resources */,
				FE011E9028DCE955009BC80A /* Assets.xcassets in Resources */,
			);
			runOnlyForDeploymentPostprocessing = 0;
		};
/* End PBXResourcesBuildPhase section */

/* Begin PBXSourcesBuildPhase section */
		FE011E8428DCE954009BC80A /* Sources */ = {
			isa = PBXSourcesBuildPhase;
			buildActionMask = 2147483647;
			files = (
				FE011EE028DCF290009BC80A /* APIErrorMapper.swift in Sources */,
				FE011E9A28DCE9FA009BC80A /* ResultsListView.swift in Sources */,
				FE011E8C28DCE954009BC80A /* SportsNewsApp.swift in Sources */,
				FE011F1628E04B09009BC80A /* ResultViewModel.swift in Sources */,
				FE011EC328DCEB0F009BC80A /* HTTPMethod.swift in Sources */,
				FE011EC228DCEB0F009BC80A /* APIError.swift in Sources */,
				FE011ECC28DCEB0F009BC80A /* APIService.swift in Sources */,
				FE011ECB28DCEB0F009BC80A /* APIPreviewClient.swift in Sources */,
				FE011EDB28DCF085009BC80A /* NoContent.swift in Sources */,
				FE011EC528DCEB0F009BC80A /* APIClient.swift in Sources */,
				FE011ED928DCEF96009BC80A /* SportsResult.swift in Sources */,
				FE011F1F28E088F5009BC80A /* ResultRowView.swift in Sources */,
				FE011ED528DCECAE009BC80A /* StatusCode+Helpers.swift in Sources */,
				FE011F1828E07D51009BC80A /* GameResult.swift in Sources */,
				FE011F1B28E084E1009BC80A /* GameResultDisplayable.swift in Sources */,
				FE011ED728DCEDF8009BC80A /* Environment.swift in Sources */,
				FE011E9C28DCEA91009BC80A /* ResultsViewModel.swift in Sources */,
				FE011EC428DCEB0F009BC80A /* APIEndPoint.swift in Sources */,
			);
			runOnlyForDeploymentPostprocessing = 0;
		};
/* End PBXSourcesBuildPhase section */

/* Begin XCBuildConfiguration section */
		FE011E9428DCE955009BC80A /* Debug */ = {
			isa = XCBuildConfiguration;
			buildSettings = {
				ALWAYS_SEARCH_USER_PATHS = NO;
				CLANG_ANALYZER_NONNULL = YES;
				CLANG_ANALYZER_NUMBER_OBJECT_CONVERSION = YES_AGGRESSIVE;
				CLANG_CXX_LANGUAGE_STANDARD = "gnu++20";
				CLANG_ENABLE_MODULES = YES;
				CLANG_ENABLE_OBJC_ARC = YES;
				CLANG_ENABLE_OBJC_WEAK = YES;
				CLANG_WARN_BLOCK_CAPTURE_AUTORELEASING = YES;
				CLANG_WARN_BOOL_CONVERSION = YES;
				CLANG_WARN_COMMA = YES;
				CLANG_WARN_CONSTANT_CONVERSION = YES;
				CLANG_WARN_DEPRECATED_OBJC_IMPLEMENTATIONS = YES;
				CLANG_WARN_DIRECT_OBJC_ISA_USAGE = YES_ERROR;
				CLANG_WARN_DOCUMENTATION_COMMENTS = YES;
				CLANG_WARN_EMPTY_BODY = YES;
				CLANG_WARN_ENUM_CONVERSION = YES;
				CLANG_WARN_INFINITE_RECURSION = YES;
				CLANG_WARN_INT_CONVERSION = YES;
				CLANG_WARN_NON_LITERAL_NULL_CONVERSION = YES;
				CLANG_WARN_OBJC_IMPLICIT_RETAIN_SELF = YES;
				CLANG_WARN_OBJC_LITERAL_CONVERSION = YES;
				CLANG_WARN_OBJC_ROOT_CLASS = YES_ERROR;
				CLANG_WARN_QUOTED_INCLUDE_IN_FRAMEWORK_HEADER = YES;
				CLANG_WARN_RANGE_LOOP_ANALYSIS = YES;
				CLANG_WARN_STRICT_PROTOTYPES = YES;
				CLANG_WARN_SUSPICIOUS_MOVE = YES;
				CLANG_WARN_UNGUARDED_AVAILABILITY = YES_AGGRESSIVE;
				CLANG_WARN_UNREACHABLE_CODE = YES;
				CLANG_WARN__DUPLICATE_METHOD_MATCH = YES;
				COPY_PHASE_STRIP = NO;
				DEBUG_INFORMATION_FORMAT = dwarf;
				ENABLE_STRICT_OBJC_MSGSEND = YES;
				ENABLE_TESTABILITY = YES;
				GCC_C_LANGUAGE_STANDARD = gnu11;
				GCC_DYNAMIC_NO_PIC = NO;
				GCC_NO_COMMON_BLOCKS = YES;
				GCC_OPTIMIZATION_LEVEL = 0;
				GCC_PREPROCESSOR_DEFINITIONS = (
					"DEBUG=1",
					"$(inherited)",
				);
				GCC_WARN_64_TO_32_BIT_CONVERSION = YES;
				GCC_WARN_ABOUT_RETURN_TYPE = YES_ERROR;
				GCC_WARN_UNDECLARED_SELECTOR = YES;
				GCC_WARN_UNINITIALIZED_AUTOS = YES_AGGRESSIVE;
				GCC_WARN_UNUSED_FUNCTION = YES;
				GCC_WARN_UNUSED_VARIABLE = YES;
				IPHONEOS_DEPLOYMENT_TARGET = 16.0;
				MTL_ENABLE_DEBUG_INFO = INCLUDE_SOURCE;
				MTL_FAST_MATH = YES;
				ONLY_ACTIVE_ARCH = YES;
				SDKROOT = iphoneos;
				SWIFT_ACTIVE_COMPILATION_CONDITIONS = DEBUG;
				SWIFT_OPTIMIZATION_LEVEL = "-Onone";
			};
			name = Debug;
		};
		FE011E9528DCE955009BC80A /* Release */ = {
			isa = XCBuildConfiguration;
			buildSettings = {
				ALWAYS_SEARCH_USER_PATHS = NO;
				CLANG_ANALYZER_NONNULL = YES;
				CLANG_ANALYZER_NUMBER_OBJECT_CONVERSION = YES_AGGRESSIVE;
				CLANG_CXX_LANGUAGE_STANDARD = "gnu++20";
				CLANG_ENABLE_MODULES = YES;
				CLANG_ENABLE_OBJC_ARC = YES;
				CLANG_ENABLE_OBJC_WEAK = YES;
				CLANG_WARN_BLOCK_CAPTURE_AUTORELEASING = YES;
				CLANG_WARN_BOOL_CONVERSION = YES;
				CLANG_WARN_COMMA = YES;
				CLANG_WARN_CONSTANT_CONVERSION = YES;
				CLANG_WARN_DEPRECATED_OBJC_IMPLEMENTATIONS = YES;
				CLANG_WARN_DIRECT_OBJC_ISA_USAGE = YES_ERROR;
				CLANG_WARN_DOCUMENTATION_COMMENTS = YES;
				CLANG_WARN_EMPTY_BODY = YES;
				CLANG_WARN_ENUM_CONVERSION = YES;
				CLANG_WARN_INFINITE_RECURSION = YES;
				CLANG_WARN_INT_CONVERSION = YES;
				CLANG_WARN_NON_LITERAL_NULL_CONVERSION = YES;
				CLANG_WARN_OBJC_IMPLICIT_RETAIN_SELF = YES;
				CLANG_WARN_OBJC_LITERAL_CONVERSION = YES;
				CLANG_WARN_OBJC_ROOT_CLASS = YES_ERROR;
				CLANG_WARN_QUOTED_INCLUDE_IN_FRAMEWORK_HEADER = YES;
				CLANG_WARN_RANGE_LOOP_ANALYSIS = YES;
				CLANG_WARN_STRICT_PROTOTYPES = YES;
				CLANG_WARN_SUSPICIOUS_MOVE = YES;
				CLANG_WARN_UNGUARDED_AVAILABILITY = YES_AGGRESSIVE;
				CLANG_WARN_UNREACHABLE_CODE = YES;
				CLANG_WARN__DUPLICATE_METHOD_MATCH = YES;
				COPY_PHASE_STRIP = NO;
				DEBUG_INFORMATION_FORMAT = "dwarf-with-dsym";
				ENABLE_NS_ASSERTIONS = NO;
				ENABLE_STRICT_OBJC_MSGSEND = YES;
				GCC_C_LANGUAGE_STANDARD = gnu11;
				GCC_NO_COMMON_BLOCKS = YES;
				GCC_WARN_64_TO_32_BIT_CONVERSION = YES;
				GCC_WARN_ABOUT_RETURN_TYPE = YES_ERROR;
				GCC_WARN_UNDECLARED_SELECTOR = YES;
				GCC_WARN_UNINITIALIZED_AUTOS = YES_AGGRESSIVE;
				GCC_WARN_UNUSED_FUNCTION = YES;
				GCC_WARN_UNUSED_VARIABLE = YES;
				IPHONEOS_DEPLOYMENT_TARGET = 16.0;
				MTL_ENABLE_DEBUG_INFO = NO;
				MTL_FAST_MATH = YES;
				SDKROOT = iphoneos;
				SWIFT_COMPILATION_MODE = wholemodule;
				SWIFT_OPTIMIZATION_LEVEL = "-O";
				VALIDATE_PRODUCT = YES;
			};
			name = Release;
		};
		FE011E9728DCE955009BC80A /* Debug */ = {
			isa = XCBuildConfiguration;
			buildSettings = {
				ASSETCATALOG_COMPILER_APPICON_NAME = AppIcon;
				ASSETCATALOG_COMPILER_GLOBAL_ACCENT_COLOR_NAME = AccentColor;
				CODE_SIGN_STYLE = Automatic;
				CURRENT_PROJECT_VERSION = 1;
				DEVELOPMENT_ASSET_PATHS = "\"SportsNews/Preview Content\"";
				DEVELOPMENT_TEAM = 3KQ63J72GA;
				ENABLE_PREVIEWS = YES;
				GENERATE_INFOPLIST_FILE = YES;
				INFOPLIST_KEY_UIApplicationSceneManifest_Generation = YES;
				INFOPLIST_KEY_UIApplicationSupportsIndirectInputEvents = YES;
				INFOPLIST_KEY_UILaunchScreen_Generation = YES;
				INFOPLIST_KEY_UISupportedInterfaceOrientations_iPad = "UIInterfaceOrientationPortrait UIInterfaceOrientationPortraitUpsideDown UIInterfaceOrientationLandscapeLeft UIInterfaceOrientationLandscapeRight";
				INFOPLIST_KEY_UISupportedInterfaceOrientations_iPhone = "UIInterfaceOrientationPortrait UIInterfaceOrientationLandscapeLeft UIInterfaceOrientationLandscapeRight";
				LD_RUNPATH_SEARCH_PATHS = (
					"$(inherited)",
					"@executable_path/Frameworks",
				);
				MARKETING_VERSION = 1.0;
				PRODUCT_BUNDLE_IDENTIFIER = com.thoppan.SportsNews;
				PRODUCT_NAME = "$(TARGET_NAME)";
				SWIFT_EMIT_LOC_STRINGS = YES;
				SWIFT_VERSION = 5.0;
				TARGETED_DEVICE_FAMILY = "1,2";
			};
			name = Debug;
		};
		FE011E9828DCE955009BC80A /* Release */ = {
			isa = XCBuildConfiguration;
			buildSettings = {
				ASSETCATALOG_COMPILER_APPICON_NAME = AppIcon;
				ASSETCATALOG_COMPILER_GLOBAL_ACCENT_COLOR_NAME = AccentColor;
				CODE_SIGN_STYLE = Automatic;
				CURRENT_PROJECT_VERSION = 1;
				DEVELOPMENT_ASSET_PATHS = "\"SportsNews/Preview Content\"";
				DEVELOPMENT_TEAM = 3KQ63J72GA;
				ENABLE_PREVIEWS = YES;
				GENERATE_INFOPLIST_FILE = YES;
				INFOPLIST_KEY_UIApplicationSceneManifest_Generation = YES;
				INFOPLIST_KEY_UIApplicationSupportsIndirectInputEvents = YES;
				INFOPLIST_KEY_UILaunchScreen_Generation = YES;
				INFOPLIST_KEY_UISupportedInterfaceOrientations_iPad = "UIInterfaceOrientationPortrait UIInterfaceOrientationPortraitUpsideDown UIInterfaceOrientationLandscapeLeft UIInterfaceOrientationLandscapeRight";
				INFOPLIST_KEY_UISupportedInterfaceOrientations_iPhone = "UIInterfaceOrientationPortrait UIInterfaceOrientationLandscapeLeft UIInterfaceOrientationLandscapeRight";
				LD_RUNPATH_SEARCH_PATHS = (
					"$(inherited)",
					"@executable_path/Frameworks",
				);
				MARKETING_VERSION = 1.0;
				PRODUCT_BUNDLE_IDENTIFIER = com.thoppan.SportsNews;
				PRODUCT_NAME = "$(TARGET_NAME)";
				SWIFT_EMIT_LOC_STRINGS = YES;
				SWIFT_VERSION = 5.0;
				TARGETED_DEVICE_FAMILY = "1,2";
			};
			name = Release;
		};
/* End XCBuildConfiguration section */

/* Begin XCConfigurationList section */
		FE011E8328DCE954009BC80A /* Build configuration list for PBXProject "SportsNews" */ = {
			isa = XCConfigurationList;
			buildConfigurations = (
				FE011E9428DCE955009BC80A /* Debug */,
				FE011E9528DCE955009BC80A /* Release */,
			);
			defaultConfigurationIsVisible = 0;
			defaultConfigurationName = Release;
		};
		FE011E9628DCE955009BC80A /* Build configuration list for PBXNativeTarget "SportsNews" */ = {
			isa = XCConfigurationList;
			buildConfigurations = (
				FE011E9728DCE955009BC80A /* Debug */,
				FE011E9828DCE955009BC80A /* Release */,
			);
			defaultConfigurationIsVisible = 0;
			defaultConfigurationName = Release;
		};
/* End XCConfigurationList section */
	};
	rootObject = FE011E8028DCE954009BC80A /* Project object */;
}
